{
    "_meta": {
        "hash": {
            "sha256": "d5a607867e240cafee4009888e69b3c5fa5723166ebf4c3b4e7c8ae57185401b"
        },
        "pipfile-spec": 6,
        "requires": {
            "python_version": "3.10"
        },
        "sources": [
            {
                "name": "pypi",
                "url": "https://pypi.org/simple",
                "verify_ssl": true
            }
        ]
    },
    "default": {
        "amqp": {
            "hashes": [
                "sha256:2c1b13fecc0893e946c65cbd5f36427861cffa4ea2201d8f6fca22e2a373b5e2",
                "sha256:6f0956d2c23d8fa6e7691934d8c3930eadb44972cbbd1a7ae3a520f735d43359"
            ],
            "markers": "python_version >= '3.6'",
            "version": "==5.1.1"
        },
        "asgiref": {
            "hashes": [
                "sha256:1d2880b792ae8757289136f1db2b7b99100ce959b2aa57fd69dab783d05afac4",
                "sha256:4a29362a6acebe09bf1d6640db38c1dc3d9217c68e6f9f6204d72667fc19a424"
            ],
            "markers": "python_version >= '3.7'",
            "version": "==3.5.2"
        },
        "beautifulsoup4": {
            "hashes": [
                "sha256:58d5c3d29f5a36ffeb94f02f0d786cd53014cf9b3b3951d42e0080d8a9498d30",
                "sha256:ad9aa55b65ef2808eb405f46cf74df7fcb7044d5cbc26487f96eb2ef2e436693"
            ],
            "markers": "python_version >= '3.6'",
            "version": "==4.11.1"
        },
        "billiard": {
            "hashes": [
                "sha256:299de5a8da28a783d51b197d496bef4f1595dd023a93a4f59dde1886ae905547",
                "sha256:87103ea78fa6ab4d5c751c4909bcff74617d985de7fa8b672cf8618afd5a875b"
            ],
            "version": "==3.6.4.0"
        },
        "celery": {
            "hashes": [
                "sha256:138420c020cd58d6707e6257b6beda91fd39af7afde5d36c6334d175302c0e14",
                "sha256:fafbd82934d30f8a004f81e8f7a062e31413a23d444be8ee3326553915958c6d"
            ],
            "index": "pypi",
            "version": "==5.2.7"
        },
        "certifi": {
            "hashes": [
                "sha256:84c85a9078b11105f04f3036a9482ae10e4621616db313fe045dd24743a0820d",
                "sha256:fe86415d55e84719d75f8b69414f6438ac3547d2078ab91b67e779ef69378412"
            ],
            "markers": "python_version >= '3.6'",
            "version": "==2022.6.15"
        },
        "charset-normalizer": {
            "hashes": [
                "sha256:5189b6f22b01957427f35b6a08d9a0bc45b46d3788ef5a92e978433c7a35f8a5",
                "sha256:575e708016ff3a5e3681541cb9d79312c416835686d054a23accb873b254f413"
            ],
            "markers": "python_version >= '3.6'",
            "version": "==2.1.0"
        },
        "click": {
            "hashes": [
                "sha256:7682dc8afb30297001674575ea00d1814d808d6a36af415a82bd481d37ba7b8e",
                "sha256:bb4d8133cb15a609f44e8213d9b391b0809795062913b383c62be0ee95b1db48"
            ],
            "markers": "python_version >= '3.7'",
            "version": "==8.1.3"
        },
        "click-didyoumean": {
            "hashes": [
                "sha256:a0713dc7a1de3f06bc0df5a9567ad19ead2d3d5689b434768a6145bff77c0667",
                "sha256:f184f0d851d96b6d29297354ed981b7dd71df7ff500d82fa6d11f0856bee8035"
            ],
            "markers": "python_version < '4' and python_full_version >= '3.6.2'",
            "version": "==0.3.0"
        },
        "click-plugins": {
            "hashes": [
                "sha256:46ab999744a9d831159c3411bb0c79346d94a444df9a3a3742e9ed63645f264b",
                "sha256:5d262006d3222f5057fd81e1623d4443e41dcda5dc815c06b442aa3c02889fc8"
            ],
            "version": "==1.1.1"
        },
        "click-repl": {
            "hashes": [
                "sha256:94b3fbbc9406a236f176e0506524b2937e4b23b6f4c0c0b2a0a83f8a64e9194b",
                "sha256:cd12f68d745bf6151210790540b4cb064c7b13e571bc64b6957d98d120dacfd8"
            ],
            "version": "==0.2.0"
        },
        "dj-database-url": {
            "hashes": [
                "sha256:ccf3e8718f75ddd147a1e212fca88eecdaa721759ee48e38b485481c77bca3dc",
                "sha256:cd354a3b7a9136d78d64c17b2aec369e2ae5616fbca6bfbe435ef15bb372ce39"
            ],
            "version": "==1.0.0"
        },
        "django": {
            "hashes": [
                "sha256:031ccb717782f6af83a0063a1957686e87cb4581ea61b47b3e9addf60687989a",
                "sha256:032f8a6fc7cf05ccd1214e4a2e21dfcd6a23b9d575c6573cacc8c67828dbe642"
            ],
            "index": "pypi",
            "version": "==4.1"
        },
        "django-bootstrap4": {
            "hashes": [
                "sha256:b6da4cb54682012ff8baa1a1e672ba30cbfae82fb3d74f4b341109074e8e239f",
                "sha256:fc9984f7238fbcd330ec5111bf0435083caa7192b022eedd53bfa4128bee318f"
            ],
            "index": "pypi",
            "version": "==22.1"
        },
        "django-celery-results": {
            "hashes": [
                "sha256:75aa51970db5691cbf242c6a0ff50c8cdf419e265cd0e9b772335d06436c4b99",
                "sha256:be91307c02fbbf0dda21993c3001c60edb74595444ccd6ad696552fe3689e85b"
            ],
            "index": "pypi",
            "version": "==2.4.0"
        },
        "django-heroku": {
            "hashes": [
                "sha256:2bc690aab89eedbe01311752320a9a12e7548e3b0ed102681acc5736a41a4762",
                "sha256:6af4bc3ae4a9b55eaad6dbe5164918982d2762661aebc9f83d9fa49f6009514e"
            ],
            "index": "pypi",
            "version": "==0.3.1"
        },
        "django-redis-cache": {
            "hashes": [
                "sha256:a7fbef101a053d2e430bd3befe6a87e6e730f98e335b516f25f30b17d9fe66e3"
            ],
            "index": "pypi",
            "version": "==3.0.1"
        },
        "django-tables2": {
            "hashes": [
                "sha256:50762bf3d7c61a4eb70e763c3e278650d7266bb78d0497fc8fafcf4e507c9a64",
                "sha256:6c72dd208358539e789e4c0efd7d151e43283a4aa4093a35f44c43489e7ddeaa"
            ],
            "index": "pypi",
            "version": "==2.4.1"
        },
        "django-widget-tweaks": {
            "hashes": [
                "sha256:9bfc5c705684754a83cc81da328b39ad1b80f32bd0f4340e2a810cbab4b0c00e",
                "sha256:fe6b17d5d595c63331f300917980db2afcf71f240ab9341b954aea8f45d25b9a"
            ],
            "index": "pypi",
            "version": "==1.4.12"
        },
        "et-xmlfile": {
            "hashes": [
                "sha256:8eb9e2bc2f8c97e37a2dc85a09ecdcdec9d8a396530a6d5a33b30b9a92da0c5c",
                "sha256:a2ba85d1d6a74ef63837eed693bcb89c3f752169b0e3e7ae5b16ca5e1b3deada"
            ],
            "markers": "python_version >= '3.6'",
            "version": "==1.1.0"
        },
        "gunicorn": {
            "hashes": [
                "sha256:9dcc4547dbb1cb284accfb15ab5667a0e5d1881cc443e0677b4882a4067a807e",
                "sha256:e0a968b5ba15f8a328fdfd7ab1fcb5af4470c28aaf7e55df02a99bc13138e6e8"
            ],
            "index": "pypi",
            "version": "==20.1.0"
        },
        "idna": {
            "hashes": [
                "sha256:84d9dd047ffa80596e0f246e2eab0b391788b0503584e8945f2368256d2735ff",
                "sha256:9d643ff0a55b762d5cdb124b8eaa99c66322e2157b69160bc32796e824360e6d"
            ],
            "markers": "python_version >= '3.5'",
            "version": "==3.3"
        },
        "kombu": {
            "hashes": [
                "sha256:37cee3ee725f94ea8bb173eaab7c1760203ea53bbebae226328600f9d2799610",
                "sha256:8b213b24293d3417bcf0d2f5537b7f756079e3ea232a8386dcc89a59fd2361a4"
            ],
            "markers": "python_version >= '3.7'",
            "version": "==5.2.4"
        },
        "numpy": {
            "hashes": [
                "sha256:1408c3527a74a0209c781ac82bde2182b0f0bf54dea6e6a363fe0cc4488a7ce7",
                "sha256:173f28921b15d341afadf6c3898a34f20a0569e4ad5435297ba262ee8941e77b",
                "sha256:1865fdf51446839ca3fffaab172461f2b781163f6f395f1aed256b1ddc253622",
                "sha256:3119daed207e9410eaf57dcf9591fdc68045f60483d94956bee0bfdcba790953",
                "sha256:35590b9c33c0f1c9732b3231bb6a72d1e4f77872390c47d50a615686ae7ed3fd",
                "sha256:37e5ebebb0eb54c5b4a9b04e6f3018e16b8ef257d26c8945925ba8105008e645",
                "sha256:37ece2bd095e9781a7156852e43d18044fd0d742934833335599c583618181b9",
                "sha256:3ab67966c8d45d55a2bdf40701536af6443763907086c0a6d1232688e27e5447",
                "sha256:47f10ab202fe4d8495ff484b5561c65dd59177949ca07975663f4494f7269e3e",
                "sha256:55df0f7483b822855af67e38fb3a526e787adf189383b4934305565d71c4b148",
                "sha256:5d732d17b8a9061540a10fda5bfeabca5785700ab5469a5e9b93aca5e2d3a5fb",
                "sha256:68b69f52e6545af010b76516f5daaef6173e73353e3295c5cb9f96c35d755641",
                "sha256:7e8229f3687cdadba2c4faef39204feb51ef7c1a9b669247d49a24f3e2e1617c",
                "sha256:8002574a6b46ac3b5739a003b5233376aeac5163e5dcd43dd7ad062f3e186129",
                "sha256:876f60de09734fbcb4e27a97c9a286b51284df1326b1ac5f1bf0ad3678236b22",
                "sha256:9ce242162015b7e88092dccd0e854548c0926b75c7924a3495e02c6067aba1f5",
                "sha256:a35c4e64dfca659fe4d0f1421fc0f05b8ed1ca8c46fb73d9e5a7f175f85696bb",
                "sha256:aeba539285dcf0a1ba755945865ec61240ede5432df41d6e29fab305f4384db2",
                "sha256:b15c3f1ed08df4980e02cc79ee058b788a3d0bef2fb3c9ca90bb8cbd5b8a3a04",
                "sha256:c2f91f88230042a130ceb1b496932aa717dcbd665350beb821534c5c7e15881c",
                "sha256:d748ef349bfef2e1194b59da37ed5a29c19ea8d7e6342019921ba2ba4fd8b624",
                "sha256:e0d7447679ae9a7124385ccf0ea990bb85bb869cef217e2ea6c844b6a6855073"
            ],
            "markers": "python_version >= '3.10'",
            "version": "==1.23.1"
        },
        "openpyxl": {
            "hashes": [
                "sha256:0ab6d25d01799f97a9464630abacbb34aafecdcaa0ef3cba6d6b3499867d0355",
                "sha256:e47805627aebcf860edb4edf7987b1309c1b3632f3750538ed962bbcc3bd7449"
            ],
            "index": "pypi",
            "version": "==3.0.10"
        },
        "pandas": {
            "hashes": [
                "sha256:07238a58d7cbc8a004855ade7b75bbd22c0db4b0ffccc721556bab8a095515f6",
                "sha256:0daf876dba6c622154b2e6741f29e87161f844e64f84801554f879d27ba63c0d",
                "sha256:16ad23db55efcc93fa878f7837267973b61ea85d244fc5ff0ccbcfa5638706c5",
                "sha256:1d9382f72a4f0e93909feece6fef5500e838ce1c355a581b3d8f259839f2ea76",
                "sha256:24ea75f47bbd5574675dae21d51779a4948715416413b30614c1e8b480909f81",
                "sha256:2893e923472a5e090c2d5e8db83e8f907364ec048572084c7d10ef93546be6d1",
                "sha256:2ff7788468e75917574f080cd4681b27e1a7bf36461fe968b49a87b5a54d007c",
                "sha256:41fc406e374590a3d492325b889a2686b31e7a7780bec83db2512988550dadbf",
                "sha256:48350592665ea3cbcd07efc8c12ff12d89be09cd47231c7925e3b8afada9d50d",
                "sha256:605d572126eb4ab2eadf5c59d5d69f0608df2bf7bcad5c5880a47a20a0699e3e",
                "sha256:6dfbf16b1ea4f4d0ee11084d9c026340514d1d30270eaa82a9f1297b6c8ecbf0",
                "sha256:6f803320c9da732cc79210d7e8cc5c8019aad512589c910c66529eb1b1818230",
                "sha256:721a3dd2f06ef942f83a819c0f3f6a648b2830b191a72bbe9451bcd49c3bd42e",
                "sha256:755679c49460bd0d2f837ab99f0a26948e68fa0718b7e42afbabd074d945bf84",
                "sha256:78b00429161ccb0da252229bcda8010b445c4bf924e721265bec5a6e96a92e92",
                "sha256:958a0588149190c22cdebbc0797e01972950c927a11a900fe6c2296f207b1d6f",
                "sha256:a3924692160e3d847e18702bb048dc38e0e13411d2b503fecb1adf0fcf950ba4",
                "sha256:d51674ed8e2551ef7773820ef5dab9322be0828629f2cbf8d1fc31a0c4fed640",
                "sha256:d5ebc990bd34f4ac3c73a2724c2dcc9ee7bf1ce6cf08e87bb25c6ad33507e318",
                "sha256:d6c0106415ff1a10c326c49bc5dd9ea8b9897a6ca0c8688eb9c30ddec49535ef",
                "sha256:e48fbb64165cda451c06a0f9e4c7a16b534fcabd32546d531b3c240ce2844112"
            ],
            "index": "pypi",
            "version": "==1.4.3"
        },
        "pmaw": {
            "hashes": [
                "sha256:610d8c5fac1827d4a316f307a4f5faae0951144432af6200f27d5b7a0dcbed5b",
                "sha256:e90d0224a2efd34e862d52f21f62b3f09aaae2d1bbab43b6776a28045e636dd0"
            ],
            "index": "pypi",
            "version": "==2.1.3"
        },
        "praw": {
            "hashes": [
                "sha256:0d8a75c8c9f78c0101f31653b68d23d0d9cee9a6ada7910f809610edcd905090",
                "sha256:3eeebe093f2d905b6c99e18aa8c8f64071b2e7a05e60b618166ee53397cdae72"
            ],
            "index": "pypi",
            "version": "==7.6.0"
        },
        "prawcore": {
            "hashes": [
                "sha256:48c17db447fa06a13ca3e722201f443031437708daa736c05a1df895fbcceff5",
                "sha256:daf1ccd4b7a80dc4e6567d48336d782e94a9a6dad83770fc2edf76dc9a84f56d"
            ],
            "markers": "python_version ~= '3.6'",
            "version": "==2.3.0"
        },
        "prompt-toolkit": {
            "hashes": [
                "sha256:859b283c50bde45f5f97829f77a4674d1c1fcd88539364f1b28a37805cfd89c0",
                "sha256:d8916d3f62a7b67ab353a952ce4ced6a1d2587dfe9ef8ebc30dd7c386751f289"
            ],
            "markers": "python_full_version >= '3.6.2'",
            "version": "==3.0.30"
        },
        "psycopg2": {
            "hashes": [
                "sha256:06f32425949bd5fe8f625c49f17ebb9784e1e4fe928b7cce72edc36fb68e4c0c",
                "sha256:0762c27d018edbcb2d34d51596e4346c983bd27c330218c56c4dc25ef7e819bf",
                "sha256:083707a696e5e1c330af2508d8fab36f9700b26621ccbcb538abe22e15485362",
                "sha256:34b33e0162cfcaad151f249c2649fd1030010c16f4bbc40a604c1cb77173dcf7",
                "sha256:4295093a6ae3434d33ec6baab4ca5512a5082cc43c0505293087b8a46d108461",
                "sha256:8cf3878353cc04b053822896bc4922b194792df9df2f1ad8da01fb3043602126",
                "sha256:8e841d1bf3434da985cc5ef13e6f75c8981ced601fd70cc6bf33351b91562981",
                "sha256:9572e08b50aed176ef6d66f15a21d823bb6f6d23152d35e8451d7d2d18fdac56",
                "sha256:a81e3866f99382dfe8c15a151f1ca5fde5815fde879348fe5a9884a7c092a305",
                "sha256:cb10d44e6694d763fa1078a26f7f6137d69f555a78ec85dc2ef716c37447e4b2",
                "sha256:d3ca6421b942f60c008f81a3541e8faf6865a28d5a9b48544b0ee4f40cac7fca"
            ],
            "markers": "python_version >= '3.6'",
            "version": "==2.9.3"
        },
        "python-dateutil": {
            "hashes": [
                "sha256:0123cacc1627ae19ddf3c27a5de5bd67ee4586fbdd6440d9748f8abb483d3e86",
                "sha256:961d03dc3453ebbc59dbdea9e4e11c5651520a876d0f4db161e8674aae935da9"
            ],
            "markers": "python_version >= '2.7' and python_version not in '3.0, 3.1, 3.2, 3.3'",
            "version": "==2.8.2"
        },
        "pytz": {
            "hashes": [
                "sha256:1e760e2fe6a8163bc0b3d9a19c4f84342afa0a2affebfaa84b01b978a02ecaa7",
                "sha256:e68985985296d9a66a881eb3193b0906246245294a881e7c8afe623866ac6a5c"
            ],
            "version": "==2022.1"
        },
        "redis": {
            "hashes": [
                "sha256:0e7e0cfca8660dea8b7d5cd8c4f6c5e29e11f31158c0b0ae91a397f00e5a05a2",
                "sha256:432b788c4530cfe16d8d943a09d40ca6c16149727e4afe8c2c9d5580c59d9f24"
            ],
            "index": "pypi",
            "version": "==3.5.3"
        },
        "requests": {
            "hashes": [
                "sha256:7c5599b102feddaa661c826c56ab4fee28bfd17f5abca1ebbe3e7f19d7c97983",
                "sha256:8fefa2a1a1365bf5520aac41836fbee479da67864514bdb821f31ce07ce65349"
            ],
            "index": "pypi",
            "version": "==2.28.1"
        },
        "setuptools": {
            "hashes": [
                "sha256:7c7854ee1429a240090297628dc9f75b35318d193537968e2dc14010ee2f5bca",
                "sha256:dc2662692f47d99cb8ae15a784529adeed535bcd7c277fee0beccf961522baf6"
            ],
            "markers": "python_version >= '3.7'",
            "version": "==63.4.1"
        },
        "six": {
            "hashes": [
                "sha256:1e61c37477a1626458e36f7b1d82aa5c9b094fa4802892072e49de9c60c4c926",
                "sha256:8abb2f1d86890a2dfb989f9a77cfcfd3e47c2a354b01111771326f8aa26e0254"
            ],
            "markers": "python_version >= '2.7' and python_version not in '3.0, 3.1, 3.2, 3.3'",
            "version": "==1.16.0"
        },
        "soupsieve": {
            "hashes": [
                "sha256:3b2503d3c7084a42b1ebd08116e5f81aadfaea95863628c80a3b774a11b7c759",
                "sha256:fc53893b3da2c33de295667a0e19f078c14bf86544af307354de5fcf12a3f30d"
            ],
            "markers": "python_version >= '3.6'",
            "version": "==2.3.2.post1"
        },
        "sqlparse": {
            "hashes": [
                "sha256:0c00730c74263a94e5a9919ade150dfc3b19c574389985446148402998287dae",
                "sha256:48719e356bb8b42991bdbb1e8b83223757b93789c00910a616a071910ca4a64d"
            ],
            "markers": "python_version >= '3.5'",
            "version": "==0.4.2"
        },
        "update-checker": {
            "hashes": [
                "sha256:6a2d45bb4ac585884a6b03f9eade9161cedd9e8111545141e9aa9058932acb13",
                "sha256:cbba64760a36fe2640d80d85306e8fe82b6816659190993b7bdabadee4d4bbfd"
            ],
            "version": "==0.18.0"
        },
        "urllib3": {
            "hashes": [
                "sha256:c33ccba33c819596124764c23a97d25f32b28433ba0dedeb77d873a38722c9bc",
                "sha256:ea6e8fb210b19d950fab93b60c9009226c63a28808bc8386e05301e25883ac0a"
            ],
            "markers": "python_version >= '2.7' and python_version not in '3.0, 3.1, 3.2, 3.3, 3.4, 3.5' and python_version < '4'",
            "version": "==1.26.11"
        },
        "vine": {
            "hashes": [
                "sha256:4c9dceab6f76ed92105027c49c823800dd33cacce13bdedc5b914e3514b7fb30",
                "sha256:7d3b1624a953da82ef63462013bbd271d3eb75751489f9807598e8f340bd637e"
            ],
            "markers": "python_version >= '3.6'",
            "version": "==5.0.0"
        },
        "wcwidth": {
            "hashes": [
                "sha256:beb4802a9cebb9144e99086eff703a642a13d6a0052920003a230f3294bbe784",
                "sha256:c4d647b99872929fdb7bdcaa4fbe7f01413ed3d98077df798530e5b04f116c83"
            ],
            "version": "==0.2.5"
        },
        "websocket-client": {
            "hashes": [
                "sha256:5d55652dc1d0b3c734f044337d929aaf83f4f9138816ec680c1aefefb4dc4877",
                "sha256:d58c5f284d6a9bf8379dab423259fe8f85b70d5fa5d2916d5791a84594b122b1"
            ],
            "markers": "python_version >= '3.7'",
            "version": "==1.3.3"
        },
        "whitenoise": {
            "hashes": [
                "sha256:8e9c600a5c18bd17655ef668ad55b5edf6c24ce9bdca5bf607649ca4b1e8e2c2",
                "sha256:8fa943c6d4cd9e27673b70c21a07b0aa120873901e099cd46cab40f7cc96d567"
            ],
            "markers": "python_version >= '3.7'",
            "version": "==6.2.0"
        }
    },
    "develop": {}
}
